
Microsoft Visual Studio Solution File, Format Version 12.00
# Visual Studio Version 17
VisualStudioVersion = 17.4.33213.308
MinimumVisualStudioVersion = 10.0.40219.1
Project("{FAE04EC0-301F-11D3-BF4B-00C04F79EFBC}") = "Assistance Prog", "Assistance Prog\Assistance Prog.csproj", "{D0BCBC4D-736C-40E0-93D5-1CC515C1D5E0}"
EndProject
Global
	GlobalSection(SolutionConfigurationPlatforms) = preSolution
		Debug|Any CPU = Debug|Any CPU
		Release|Any CPU = Release|Any CPU
	EndGlobalSection
	GlobalSection(ProjectConfigurationPlatforms) = postSolution
		{D0BCBC4D-736C-40E0-93D5-1CC515C1D5E0}.Debug|Any CPU.ActiveCfg = Debug|Any CPU
		{D0BCBC4D-736C-40E0-93D5-1CC515C1D5E0}.Debug|Any CPU.Build.0 = Debug|Any CPU
		{D0BCBC4D-736C-40E0-93D5-1CC515C1D5E0}.Release|Any CPU.ActiveCfg = Release|Any CPU
		{D0BCBC4D-736C-40E0-93D5-1CC515C1D5E0}.Release|Any CPU.Build.0 = Release|Any CPU
	EndGlobalSection
	GlobalSection(SolutionProperties) = preSolution
		HideSolutionNode = FALSE
	EndGlobalSection
	GlobalSection(ExtensibilityGlobals) = postSolution
		SolutionGuid = {11C36140-80E3-47BF-BF73-545E8CEC820D}
	EndGlobalSection
EndGlobal
